
Microsoft Visual Studio Solution File, Format Version 12.00
# Visual Studio Version 17
VisualStudioVersion = 17.14.37012.4 d17.14
MinimumVisualStudioVersion = 10.0.40219.1
Project("{FAE04EC0-301F-11D3-BF4B-00C04F79EFBC}") = "SaoundAndColisions", "SaoundAndColisions\SaoundAndColisions.csproj", "{05AB8A9C-16E1-45BD-9E69-A3C020CC755B}"
EndProject
Global
	GlobalSection(SolutionConfigurationPlatforms) = preSolution
		Debug|Any CPU = Debug|Any CPU
		Release|Any CPU = Release|Any CPU
	EndGlobalSection
	GlobalSection(ProjectConfigurationPlatforms) = postSolution
		{05AB8A9C-16E1-45BD-9E69-A3C020CC755B}.Debug|Any CPU.ActiveCfg = Debug|Any CPU
		{05AB8A9C-16E1-45BD-9E69-A3C020CC755B}.Debug|Any CPU.Build.0 = Debug|Any CPU
		{05AB8A9C-16E1-45BD-9E69-A3C020CC755B}.Release|Any CPU.ActiveCfg = Release|Any CPU
		{05AB8A9C-16E1-45BD-9E69-A3C020CC755B}.Release|Any CPU.Build.0 = Release|Any CPU
	EndGlobalSection
	GlobalSection(SolutionProperties) = preSolution
		HideSolutionNode = FALSE
	EndGlobalSection
	GlobalSection(ExtensibilityGlobals) = postSolution
		SolutionGuid = {F79ABECA-AC6B-410A-82E1-43FFEEB0828E}
	EndGlobalSection
EndGlobal
